
Microsoft Visual Studio Solution File, Format Version 12.00
# Visual Studio Version 17
VisualStudioVersion = 17.0.31903.59
MinimumVisualStudioVersion = 10.0.40219.1
Project("{FAE04EC0-301F-11D3-BF4B-00C04F79EFBC}") = "TaskManagement.Api", "TaskManagement.Api\TaskManagement.Api.csproj", "{ABE20C25-5753-4255-AE02-66158F7C925E}"
EndProject
Project("{FAE04EC0-301F-11D3-BF4B-00C04F79EFBC}") = "TaskManagement.Contracts", "TaskManagement.Contracts\TaskManagement.Contracts.csproj", "{E3B581B0-CF5F-4CAE-B783-717CA142BCAC}"
EndProject
Project("{FAE04EC0-301F-11D3-BF4B-00C04F79EFBC}") = "TaskManagement.Domain", "TaskManagement.Domain\TaskManagement.Domain.csproj", "{8E57098A-4614-4DBC-B5D1-C3DBACBB8777}"
EndProject
Project("{FAE04EC0-301F-11D3-BF4B-00C04F79EFBC}") = "TaskManagement.IntegrationTests", "TaskManagement.IntegrationTests\TaskManagement.IntegrationTests.csproj", "{EC47FB4C-86E4-4795-9788-49AB8D6C4EB6}"
EndProject
Project("{FAE04EC0-301F-11D3-BF4B-00C04F79EFBC}") = "TaskManagement.UnitTests", "TaskManagement.UnitTests\TaskManagement.UnitTests.csproj", "{5C82FFAE-D67F-4F89-8A3E-68BD97E0105F}"
EndProject
Global
	GlobalSection(SolutionConfigurationPlatforms) = preSolution
		Debug|Any CPU = Debug|Any CPU
		Release|Any CPU = Release|Any CPU
	EndGlobalSection
	GlobalSection(SolutionProperties) = preSolution
		HideSolutionNode = FALSE
	EndGlobalSection
	GlobalSection(ProjectConfigurationPlatforms) = postSolution
		{ABE20C25-5753-4255-AE02-66158F7C925E}.Debug|Any CPU.ActiveCfg = Debug|Any CPU
		{ABE20C25-5753-4255-AE02-66158F7C925E}.Debug|Any CPU.Build.0 = Debug|Any CPU
		{ABE20C25-5753-4255-AE02-66158F7C925E}.Release|Any CPU.ActiveCfg = Release|Any CPU
		{ABE20C25-5753-4255-AE02-66158F7C925E}.Release|Any CPU.Build.0 = Release|Any CPU
		{E3B581B0-CF5F-4CAE-B783-717CA142BCAC}.Debug|Any CPU.ActiveCfg = Debug|Any CPU
		{E3B581B0-CF5F-4CAE-B783-717CA142BCAC}.Debug|Any CPU.Build.0 = Debug|Any CPU
		{E3B581B0-CF5F-4CAE-B783-717CA142BCAC}.Release|Any CPU.ActiveCfg = Release|Any CPU
		{E3B581B0-CF5F-4CAE-B783-717CA142BCAC}.Release|Any CPU.Build.0 = Release|Any CPU
		{8E57098A-4614-4DBC-B5D1-C3DBACBB8777}.Debug|Any CPU.ActiveCfg = Debug|Any CPU
		{8E57098A-4614-4DBC-B5D1-C3DBACBB8777}.Debug|Any CPU.Build.0 = Debug|Any CPU
		{8E57098A-4614-4DBC-B5D1-C3DBACBB8777}.Release|Any CPU.ActiveCfg = Release|Any CPU
		{8E57098A-4614-4DBC-B5D1-C3DBACBB8777}.Release|Any CPU.Build.0 = Release|Any CPU
		{EC47FB4C-86E4-4795-9788-49AB8D6C4EB6}.Debug|Any CPU.ActiveCfg = Debug|Any CPU
		{EC47FB4C-86E4-4795-9788-49AB8D6C4EB6}.Debug|Any CPU.Build.0 = Debug|Any CPU
		{EC47FB4C-86E4-4795-9788-49AB8D6C4EB6}.Release|Any CPU.ActiveCfg = Release|Any CPU
		{EC47FB4C-86E4-4795-9788-49AB8D6C4EB6}.Release|Any CPU.Build.0 = Release|Any CPU
		{5C82FFAE-D67F-4F89-8A3E-68BD97E0105F}.Debug|Any CPU.ActiveCfg = Debug|Any CPU
		{5C82FFAE-D67F-4F89-8A3E-68BD97E0105F}.Debug|Any CPU.Build.0 = Debug|Any CPU
		{5C82FFAE-D67F-4F89-8A3E-68BD97E0105F}.Release|Any CPU.ActiveCfg = Release|Any CPU
		{5C82FFAE-D67F-4F89-8A3E-68BD97E0105F}.Release|Any CPU.Build.0 = Release|Any CPU
	EndGlobalSection
EndGlobal
